
Microsoft Visual Studio Solution File, Format Version 12.00
# Visual Studio Version 16
VisualStudioVersion = 16.0.29609.76
MinimumVisualStudioVersion = 10.0.40219.1
Project("{FAE04EC0-301F-11D3-BF4B-00C04F79EFBC}") = "DotNetSamples", "DotNetSamples\DotNetSamples.csproj", "{2F7F8AC1-6909-417A-ABC8-81AE5C842632}"
EndProject
Global
	GlobalSection(SolutionConfigurationPlatforms) = preSolution
		Debug|Any CPU = Debug|Any CPU
		Release|Any CPU = Release|Any CPU
	EndGlobalSection
	GlobalSection(ProjectConfigurationPlatforms) = postSolution
		{2F7F8AC1-6909-417A-ABC8-81AE5C842632}.Debug|Any CPU.ActiveCfg = Debug|Any CPU
		{2F7F8AC1-6909-417A-ABC8-81AE5C842632}.Debug|Any CPU.Build.0 = Debug|Any CPU
		{2F7F8AC1-6909-417A-ABC8-81AE5C842632}.Release|Any CPU.ActiveCfg = Release|Any CPU
		{2F7F8AC1-6909-417A-ABC8-81AE5C842632}.Release|Any CPU.Build.0 = Release|Any CPU
	EndGlobalSection
	GlobalSection(SolutionProperties) = preSolution
		HideSolutionNode = FALSE
	EndGlobalSection
	GlobalSection(ExtensibilityGlobals) = postSolution
		SolutionGuid = {98F54AAD-CFF8-47C5-A41B-C7F42F5B748E}
	EndGlobalSection
EndGlobal
